// !$*UTF8*$!
{
	archiveVersion = 1;
	classes = {
	};
	objectVersion = 46;
	objects = {

/* Begin PBXBuildFile section */
		328BDBC11BDD7E6800151E01 /* Extensions.swift in Sources */ = {isa = PBXBuildFile; fileRef = 328BDBC01BDD7E6800151E01 /* Extensions.swift */; };
		328BDBC31BDDA47600151E01 /* MazeViewController.swift in Sources */ = {isa = PBXBuildFile; fileRef = 328BDBC21BDDA47600151E01 /* MazeViewController.swift */; };
		32B7C4FF1BC995D700AD7DCE /* AppDelegate.swift in Sources */ = {isa = PBXBuildFile; fileRef = 32B7C4FE1BC995D700AD7DCE /* AppDelegate.swift */; };
		32B7C5011BC995D700AD7DCE /* ConfigViewController.swift in Sources */ = {isa = PBXBuildFile; fileRef = 32B7C5001BC995D700AD7DCE /* ConfigViewController.swift */; };
		32B7C5041BC995D700AD7DCE /* Main.storyboard in Resources */ = {isa = PBXBuildFile; fileRef = 32B7C5021BC995D700AD7DCE /* Main.storyboard */; };
		32B7C5061BC995D700AD7DCE /* Assets.xcassets in Resources */ = {isa = PBXBuildFile; fileRef = 32B7C5051BC995D700AD7DCE /* Assets.xcassets */; };
		32B7C5091BC995D700AD7DCE /* LaunchScreen.storyboard in Resources */ = {isa = PBXBuildFile; fileRef = 32B7C5071BC995D700AD7DCE /* LaunchScreen.storyboard */; };
		32B7C5141BC995D700AD7DCE /* swiftmazeTests.swift in Sources */ = {isa = PBXBuildFile; fileRef = 32B7C5131BC995D700AD7DCE /* swiftmazeTests.swift */; };
		32B7C51F1BC995D700AD7DCE /* swiftmazeUITests.swift in Sources */ = {isa = PBXBuildFile; fileRef = 32B7C51E1BC995D700AD7DCE /* swiftmazeUITests.swift */; };
		32B7C52D1BC995EE00AD7DCE /* Geometry.swift in Sources */ = {isa = PBXBuildFile; fileRef = 32B7C52C1BC995EE00AD7DCE /* Geometry.swift */; };
		32B7C52F1BC9966200AD7DCE /* Grid.swift in Sources */ = {isa = PBXBuildFile; fileRef = 32B7C52E1BC9966200AD7DCE /* Grid.swift */; };
		32B7C5311BC9A82A00AD7DCE /* Maze.swift in Sources */ = {isa = PBXBuildFile; fileRef = 32B7C5301BC9A82A00AD7DCE /* Maze.swift */; };
/* End PBXBuildFile section */

/* Begin PBXContainerItemProxy section */
		32B7C5101BC995D700AD7DCE /* PBXContainerItemProxy */ = {
			isa = PBXContainerItemProxy;
			containerPortal = 32B7C4F31BC995D700AD7DCE /* Project object */;
			proxyType = 1;
			remoteGlobalIDString = 32B7C4FA1BC995D700AD7DCE;
			remoteInfo = swiftmaze;
		};
		32B7C51B1BC995D700AD7DCE /* PBXContainerItemProxy */ = {
			isa = PBXContainerItemProxy;
			containerPortal = 32B7C4F31BC995D700AD7DCE /* Project object */;
			proxyType = 1;
			remoteGlobalIDString = 32B7C4FA1BC995D700AD7DCE;
			remoteInfo = swiftmaze;
		};
/* End PBXContainerItemProxy section */

/* Begin PBXFileReference section */
		328BDBC01BDD7E6800151E01 /* Extensions.swift */ = {isa = PBXFileReference; fileEncoding = 4; lastKnownFileType = sourcecode.swift; path = Extensions.swift; sourceTree = "<group>"; };
		328BDBC21BDDA47600151E01 /* MazeViewController.swift */ = {isa = PBXFileReference; fileEncoding = 4; lastKnownFileType = sourcecode.swift; path = MazeViewController.swift; sourceTree = "<group>"; };
		32B7C4FB1BC995D700AD7DCE /* swiftmaze.app */ = {isa = PBXFileReference; explicitFileType = wrapper.application; includeInIndex = 0; path = swiftmaze.app; sourceTree = BUILT_PRODUCTS_DIR; };
		32B7C4FE1BC995D700AD7DCE /* AppDelegate.swift */ = {isa = PBXFileReference; lastKnownFileType = sourcecode.swift; path = AppDelegate.swift; sourceTree = "<group>"; };
		32B7C5001BC995D700AD7DCE /* ConfigViewController.swift */ = {isa = PBXFileReference; lastKnownFileType = sourcecode.swift; path = ConfigViewController.swift; sourceTree = "<group>"; };
		32B7C5031BC995D700AD7DCE /* Base */ = {isa = PBXFileReference; lastKnownFileType = file.storyboard; name = Base; path = Base.lproj/Main.storyboard; sourceTree = "<group>"; };
		32B7C5051BC995D700AD7DCE /* Assets.xcassets */ = {isa = PBXFileReference; lastKnownFileType = folder.assetcatalog; path = Assets.xcassets; sourceTree = "<group>"; };
		32B7C5081BC995D700AD7DCE /* Base */ = {isa = PBXFileReference; lastKnownFileType = file.storyboard; name = Base; path = Base.lproj/LaunchScreen.storyboard; sourceTree = "<group>"; };
		32B7C50A1BC995D700AD7DCE /* Info.plist */ = {isa = PBXFileReference; lastKnownFileType = text.plist.xml; path = Info.plist; sourceTree = "<group>"; };
		32B7C50F1BC995D700AD7DCE /* swiftmazeTests.xctest */ = {isa = PBXFileReference; explicitFileType = wrapper.cfbundle; includeInIndex = 0; path = swiftmazeTests.xctest; sourceTree = BUILT_PRODUCTS_DIR; };
		32B7C5131BC995D700AD7DCE /* swiftmazeTests.swift */ = {isa = PBXFileReference; lastKnownFileType = sourcecode.swift; path = swiftmazeTests.swift; sourceTree = "<group>"; };
		32B7C5151BC995D700AD7DCE /* Info.plist */ = {isa = PBXFileReference; lastKnownFileType = text.plist.xml; path = Info.plist; sourceTree = "<group>"; };
		32B7C51A1BC995D700AD7DCE /* swiftmazeUITests.xctest */ = {isa = PBXFileReference; explicitFileType = wrapper.cfbundle; includeInIndex = 0; path = swiftmazeUITests.xctest; sourceTree = BUILT_PRODUCTS_DIR; };
		32B7C51E1BC995D700AD7DCE /* swiftmazeUITests.swift */ = {isa = PBXFileReference; lastKnownFileType = sourcecode.swift; path = swiftmazeUITests.swift; sourceTree = "<group>"; };
		32B7C5201BC995D700AD7DCE /* Info.plist */ = {isa = PBXFileReference; lastKnownFileType = text.plist.xml; path = Info.plist; sourceTree = "<group>"; };
		32B7C52C1BC995EE00AD7DCE /* Geometry.swift */ = {isa = PBXFileReference; fileEncoding = 4; lastKnownFileType = sourcecode.swift; path = Geometry.swift; sourceTree = "<group>"; };
		32B7C52E1BC9966200AD7DCE /* Grid.swift */ = {isa = PBXFileReference; fileEncoding = 4; lastKnownFileType = sourcecode.swift; path = Grid.swift; sourceTree = "<group>"; };
		32B7C5301BC9A82A00AD7DCE /* Maze.swift */ = {isa = PBXFileReference; fileEncoding = 4; lastKnownFileType = sourcecode.swift; path = Maze.swift; sourceTree = "<group>"; };
/* End PBXFileReference section */

/* Begin PBXFrameworksBuildPhase section */
		32B7C4F81BC995D700AD7DCE /* Frameworks */ = {
			isa = PBXFrameworksBuildPhase;
			buildActionMask = 2147483647;
			files = (
			);
			runOnlyForDeploymentPostprocessing = 0;
		};
		32B7C50C1BC995D700AD7DCE /* Frameworks */ = {
			isa = PBXFrameworksBuildPhase;
			buildActionMask = 2147483647;
			files = (
			);
			runOnlyForDeploymentPostprocessing = 0;
		};
		32B7C5171BC995D700AD7DCE /* Frameworks */ = {
			isa = PBXFrameworksBuildPhase;
			buildActionMask = 2147483647;
			files = (
			);
			runOnlyForDeploymentPostprocessing = 0;
		};
/* End PBXFrameworksBuildPhase section */

/* Begin PBXGroup section */
		32B7C4F21BC995D700AD7DCE = {
			isa = PBXGroup;
			children = (
				32B7C4FD1BC995D700AD7DCE /* swiftmaze */,
				32B7C5121BC995D700AD7DCE /* swiftmazeTests */,
				32B7C51D1BC995D700AD7DCE /* swiftmazeUITests */,
				32B7C4FC1BC995D700AD7DCE /* Products */,
			);
			sourceTree = "<group>";
		};
		32B7C4FC1BC995D700AD7DCE /* Products */ = {
			isa = PBXGroup;
			children = (
				32B7C4FB1BC995D700AD7DCE /* swiftmaze.app */,
				32B7C50F1BC995D700AD7DCE /* swiftmazeTests.xctest */,
				32B7C51A1BC995D700AD7DCE /* swiftmazeUITests.xctest */,
			);
			name = Products;
			sourceTree = "<group>";
		};
		32B7C4FD1BC995D700AD7DCE /* swiftmaze */ = {
			isa = PBXGroup;
			children = (
				32B7C4FE1BC995D700AD7DCE /* AppDelegate.swift */,
				32B7C5001BC995D700AD7DCE /* ConfigViewController.swift */,
				328BDBC21BDDA47600151E01 /* MazeViewController.swift */,
				32B7C5021BC995D700AD7DCE /* Main.storyboard */,
				32B7C5051BC995D700AD7DCE /* Assets.xcassets */,
				32B7C5071BC995D700AD7DCE /* LaunchScreen.storyboard */,
				32B7C50A1BC995D700AD7DCE /* Info.plist */,
				32B7C52C1BC995EE00AD7DCE /* Geometry.swift */,
				32B7C52E1BC9966200AD7DCE /* Grid.swift */,
				32B7C5301BC9A82A00AD7DCE /* Maze.swift */,
				328BDBC01BDD7E6800151E01 /* Extensions.swift */,
			);
			path = swiftmaze;
			sourceTree = "<group>";
		};
		32B7C5121BC995D700AD7DCE /* swiftmazeTests */ = {
			isa = PBXGroup;
			children = (
				32B7C5131BC995D700AD7DCE /* swiftmazeTests.swift */,
				32B7C5151BC995D700AD7DCE /* Info.plist */,
			);
			path = swiftmazeTests;
			sourceTree = "<group>";
		};
		32B7C51D1BC995D700AD7DCE /* swiftmazeUITests */ = {
			isa = PBXGroup;
			children = (
				32B7C51E1BC995D700AD7DCE /* swiftmazeUITests.swift */,
				32B7C5201BC995D700AD7DCE /* Info.plist */,
			);
			path = swiftmazeUITests;
			sourceTree = "<group>";
		};
/* End PBXGroup section */

/* Begin PBXNativeTarget section */
		32B7C4FA1BC995D700AD7DCE /* swiftmaze */ = {
			isa = PBXNativeTarget;
			buildConfigurationList = 32B7C5231BC995D700AD7DCE /* Build configuration list for PBXNativeTarget "swiftmaze" */;
			buildPhases = (
				32B7C4F71BC995D700AD7DCE /* Sources */,
				32B7C4F81BC995D700AD7DCE /* Frameworks */,
				32B7C4F91BC995D700AD7DCE /* Resources */,
			);
			buildRules = (
			);
			dependencies = (
			);
			name = swiftmaze;
			productName = swiftmaze;
			productReference = 32B7C4FB1BC995D700AD7DCE /* swiftmaze.app */;
			productType = "com.apple.product-type.application";
		};
		32B7C50E1BC995D700AD7DCE /* swiftmazeTests */ = {
			isa = PBXNativeTarget;
			buildConfigurationList = 32B7C5261BC995D700AD7DCE /* Build configuration list for PBXNativeTarget "swiftmazeTests" */;
			buildPhases = (
				32B7C50B1BC995D700AD7DCE /* Sources */,
				32B7C50C1BC995D700AD7DCE /* Frameworks */,
				32B7C50D1BC995D700AD7DCE /* Resources */,
			);
			buildRules = (
			);
			dependencies = (
				32B7C5111BC995D700AD7DCE /* PBXTargetDependency */,
			);
			name = swiftmazeTests;
			productName = swiftmazeTests;
			productReference = 32B7C50F1BC995D700AD7DCE /* swiftmazeTests.xctest */;
			productType = "com.apple.product-type.bundle.unit-test";
		};
		32B7C5191BC995D700AD7DCE /* swiftmazeUITests */ = {
			isa = PBXNativeTarget;
			buildConfigurationList = 32B7C5291BC995D700AD7DCE /* Build configuration list for PBXNativeTarget "swiftmazeUITests" */;
			buildPhases = (
				32B7C5161BC995D700AD7DCE /* Sources */,
				32B7C5171BC995D700AD7DCE /* Frameworks */,
				32B7C5181BC995D700AD7DCE /* Resources */,
			);
			buildRules = (
			);
			dependencies = (
				32B7C51C1BC995D700AD7DCE /* PBXTargetDependency */,
			);
			name = swiftmazeUITests;
			productName = swiftmazeUITests;
			productReference = 32B7C51A1BC995D700AD7DCE /* swiftmazeUITests.xctest */;
			productType = "com.apple.product-type.bundle.ui-testing";
		};
/* End PBXNativeTarget section */

/* Begin PBXProject section */
		32B7C4F31BC995D700AD7DCE /* Project object */ = {
			isa = PBXProject;
			attributes = {
				LastUpgradeCheck = 0700;
				ORGANIZATIONNAME = "Kevin Sweeney";
				TargetAttributes = {
					32B7C4FA1BC995D700AD7DCE = {
						CreatedOnToolsVersion = 7.0.1;
						DevelopmentTeam = PTBPN72C39;
					};
					32B7C50E1BC995D700AD7DCE = {
						CreatedOnToolsVersion = 7.0.1;
						TestTargetID = 32B7C4FA1BC995D700AD7DCE;
					};
					32B7C5191BC995D700AD7DCE = {
						CreatedOnToolsVersion = 7.0.1;
						TestTargetID = 32B7C4FA1BC995D700AD7DCE;
					};
				};
			};
			buildConfigurationList = 32B7C4F61BC995D700AD7DCE /* Build configuration list for PBXProject "swiftmaze" */;
			compatibilityVersion = "Xcode 3.2";
			developmentRegion = English;
			hasScannedForEncodings = 0;
			knownRegions = (
				en,
				Base,
			);
			mainGroup = 32B7C4F21BC995D700AD7DCE;
			productRefGroup = 32B7C4FC1BC995D700AD7DCE /* Products */;
			projectDirPath = "";
			projectRoot = "";
			targets = (
				32B7C4FA1BC995D700AD7DCE /* swiftmaze */,
				32B7C50E1BC995D700AD7DCE /* swiftmazeTests */,
				32B7C5191BC995D700AD7DCE /* swiftmazeUITests */,
			);
		};
/* End PBXProject section */

/* Begin PBXResourcesBuildPhase section */
		32B7C4F91BC995D700AD7DCE /* Resources */ = {
			isa = PBXResourcesBuildPhase;
			buildActionMask = 2147483647;
			files = (
				32B7C5091BC995D700AD7DCE /* LaunchScreen.storyboard in Resources */,
				32B7C5061BC995D700AD7DCE /* Assets.xcassets in Resources */,
				32B7C5041BC995D700AD7DCE /* Main.storyboard in Resources */,
			);
			runOnlyForDeploymentPostprocessing = 0;
		};
		32B7C50D1BC995D700AD7DCE /* Resources */ = {
			isa = PBXResourcesBuildPhase;
			buildActionMask = 2147483647;
			files = (
			);
			runOnlyForDeploymentPostprocessing = 0;
		};
		32B7C5181BC995D700AD7DCE /* Resources */ = {
			isa = PBXResourcesBuildPhase;
			buildActionMask = 2147483647;
			files = (
			);
			runOnlyForDeploymentPostprocessing = 0;
		};
/* End PBXResourcesBuildPhase section */

/* Begin PBXSourcesBuildPhase section */
		32B7C4F71BC995D700AD7DCE /* Sources */ = {
			isa = PBXSourcesBuildPhase;
			buildActionMask = 2147483647;
			files = (
				32B7C5011BC995D700AD7DCE /* ConfigViewController.swift in Sources */,
				328BDBC11BDD7E6800151E01 /* Extensions.swift in Sources */,
				32B7C52D1BC995EE00AD7DCE /* Geometry.swift in Sources */,
				32B7C4FF1BC995D700AD7DCE /* AppDelegate.swift in Sources */,
				32B7C52F1BC9966200AD7DCE /* Grid.swift in Sources */,
				32B7C5311BC9A82A00AD7DCE /* Maze.swift in Sources */,
				328BDBC31BDDA47600151E01 /* MazeViewController.swift in Sources */,
			);
			runOnlyForDeploymentPostprocessing = 0;
		};
		32B7C50B1BC995D700AD7DCE /* Sources */ = {
			isa = PBXSourcesBuildPhase;
			buildActionMask = 2147483647;
			files = (
				32B7C5141BC995D700AD7DCE /* swiftmazeTests.swift in Sources */,
			);
			runOnlyForDeploymentPostprocessing = 0;
		};
		32B7C5161BC995D700AD7DCE /* Sources */ = {
			isa = PBXSourcesBuildPhase;
			buildActionMask = 2147483647;
			files = (
				32B7C51F1BC995D700AD7DCE /* swiftmazeUITests.swift in Sources */,
			);
			runOnlyForDeploymentPostprocessing = 0;
		};
/* End PBXSourcesBuildPhase section */

/* Begin PBXTargetDependency section */
		32B7C5111BC995D700AD7DCE /* PBXTargetDependency */ = {
			isa = PBXTargetDependency;
			target = 32B7C4FA1BC995D700AD7DCE /* swiftmaze */;
			targetProxy = 32B7C5101BC995D700AD7DCE /* PBXContainerItemProxy */;
		};
		32B7C51C1BC995D700AD7DCE /* PBXTargetDependency */ = {
			isa = PBXTargetDependency;
			target = 32B7C4FA1BC995D700AD7DCE /* swiftmaze */;
			targetProxy = 32B7C51B1BC995D700AD7DCE /* PBXContainerItemProxy */;
		};
/* End PBXTargetDependency section */

/* Begin PBXVariantGroup section */
		32B7C5021BC995D700AD7DCE /* Main.storyboard */ = {
			isa = PBXVariantGroup;
			children = (
				32B7C5031BC995D700AD7DCE /* Base */,
			);
			name = Main.storyboard;
			sourceTree = "<group>";
		};
		32B7C5071BC995D700AD7DCE /* LaunchScreen.storyboard */ = {
			isa = PBXVariantGroup;
			children = (
				32B7C5081BC995D700AD7DCE /* Base */,
			);
			name = LaunchScreen.storyboard;
			sourceTree = "<group>";
		};
/* End PBXVariantGroup section */

/* Begin XCBuildConfiguration section */
		32B7C5211BC995D700AD7DCE /* Debug */ = {
			isa = XCBuildConfiguration;
			buildSettings = {
				ALWAYS_SEARCH_USER_PATHS = NO;
				CLANG_CXX_LANGUAGE_STANDARD = "gnu++0x";
				CLANG_CXX_LIBRARY = "libc++";
				CLANG_ENABLE_MODULES = YES;
				CLANG_ENABLE_OBJC_ARC = YES;
				CLANG_WARN_BOOL_CONVERSION = YES;
				CLANG_WARN_CONSTANT_CONVERSION = YES;
				CLANG_WARN_DIRECT_OBJC_ISA_USAGE = YES_ERROR;
				CLANG_WARN_EMPTY_BODY = YES;
				CLANG_WARN_ENUM_CONVERSION = YES;
				CLANG_WARN_INT_CONVERSION = YES;
				CLANG_WARN_OBJC_ROOT_CLASS = YES_ERROR;
				CLANG_WARN_UNREACHABLE_CODE = YES;
				CLANG_WARN__DUPLICATE_METHOD_MATCH = YES;
				"CODE_SIGN_IDENTITY[sdk=iphoneos*]" = "iPhone Developer";
				COPY_PHASE_STRIP = NO;
				DEBUG_INFORMATION_FORMAT = dwarf;
				ENABLE_STRICT_OBJC_MSGSEND = YES;
				ENABLE_TESTABILITY = YES;
				GCC_C_LANGUAGE_STANDARD = gnu99;
				GCC_DYNAMIC_NO_PIC = NO;
				GCC_NO_COMMON_BLOCKS = YES;
				GCC_OPTIMIZATION_LEVEL = 0;
				GCC_PREPROCESSOR_DEFINITIONS = (
					"DEBUG=1",
					"$(inherited)",
				);
				GCC_WARN_64_TO_32_BIT_CONVERSION = YES;
				GCC_WARN_ABOUT_RETURN_TYPE = YES_ERROR;
				GCC_WARN_UNDECLARED_SELECTOR = YES;
				GCC_WARN_UNINITIALIZED_AUTOS = YES_AGGRESSIVE;
				GCC_WARN_UNUSED_FUNCTION = YES;
				GCC_WARN_UNUSED_VARIABLE = YES;
				IPHONEOS_DEPLOYMENT_TARGET = 9.0;
				MTL_ENABLE_DEBUG_INFO = YES;
				ONLY_ACTIVE_ARCH = YES;
				SDKROOT = iphoneos;
				SWIFT_OPTIMIZATION_LEVEL = "-Onone";
				TARGETED_DEVICE_FAMILY = "1,2";
			};
			name = Debug;
		};
		32B7C5221BC995D700AD7DCE /* Release */ = {
			isa = XCBuildConfiguration;
			buildSettings = {
				ALWAYS_SEARCH_USER_PATHS = NO;
				CLANG_CXX_LANGUAGE_STANDARD = "gnu++0x";
				CLANG_CXX_LIBRARY = "libc++";
				CLANG_ENABLE_MODULES = YES;
				CLANG_ENABLE_OBJC_ARC = YES;
				CLANG_WARN_BOOL_CONVERSION = YES;
				CLANG_WARN_CONSTANT_CONVERSION = YES;
				CLANG_WARN_DIRECT_OBJC_ISA_USAGE = YES_ERROR;
				CLANG_WARN_EMPTY_BODY = YES;
				CLANG_WARN_ENUM_CONVERSION = YES;
				CLANG_WARN_INT_CONVERSION = YES;
				CLANG_WARN_OBJC_ROOT_CLASS = YES_ERROR;
				CLANG_WARN_UNREACHABLE_CODE = YES;
				CLANG_WARN__DUPLICATE_METHOD_MATCH = YES;
				"CODE_SIGN_IDENTITY[sdk=iphoneos*]" = "iPhone Developer";
				COPY_PHASE_STRIP = NO;
				DEBUG_INFORMATION_FORMAT = "dwarf-with-dsym";
				ENABLE_NS_ASSERTIONS = NO;
				ENABLE_STRICT_OBJC_MSGSEND = YES;
				GCC_C_LANGUAGE_STANDARD = gnu99;
				GCC_NO_COMMON_BLOCKS = YES;
				GCC_WARN_64_TO_32_BIT_CONVERSION = YES;
				GCC_WARN_ABOUT_RETURN_TYPE = YES_ERROR;
				GCC_WARN_UNDECLARED_SELECTOR = YES;
				GCC_WARN_UNINITIALIZED_AUTOS = YES_AGGRESSIVE;
				GCC_WARN_UNUSED_FUNCTION = YES;
				GCC_WARN_UNUSED_VARIABLE = YES;
				IPHONEOS_DEPLOYMENT_TARGET = 9.0;
				MTL_ENABLE_DEBUG_INFO = NO;
				SDKROOT = iphoneos;
				TARGETED_DEVICE_FAMILY = "1,2";
				VALIDATE_PRODUCT = YES;
			};
			name = Release;
		};
		32B7C5241BC995D700AD7DCE /* Debug */ = {
			isa = XCBuildConfiguration;
			buildSettings = {
				ASSETCATALOG_COMPILER_APPICON_NAME = AppIcon;
				CODE_SIGN_IDENTITY = "iPhone Developer";
				INFOPLIST_FILE = swiftmaze/Info.plist;
				LD_RUNPATH_SEARCH_PATHS = "$(inherited) @executable_path/Frameworks";
				PRODUCT_BUNDLE_IDENTIFIER = com.sween.swiftmaze;
				PRODUCT_NAME = "$(TARGET_NAME)";
			};
			name = Debug;
		};
		32B7C5251BC995D700AD7DCE /* Release */ = {
			isa = XCBuildConfiguration;
			buildSettings = {
				ASSETCATALOG_COMPILER_APPICON_NAME = AppIcon;
				CODE_SIGN_IDENTITY = "iPhone Developer";
				INFOPLIST_FILE = swiftmaze/Info.plist;
				LD_RUNPATH_SEARCH_PATHS = "$(inherited) @executable_path/Frameworks";
				PRODUCT_BUNDLE_IDENTIFIER = com.sween.swiftmaze;
				PRODUCT_NAME = "$(TARGET_NAME)";
			};
			name = Release;
		};
		32B7C5271BC995D700AD7DCE /* Debug */ = {
			isa = XCBuildConfiguration;
			buildSettings = {
				BUNDLE_LOADER = "$(TEST_HOST)";
				INFOPLIST_FILE = swiftmazeTests/Info.plist;
				LD_RUNPATH_SEARCH_PATHS = "$(inherited) @executable_path/Frameworks @loader_path/Frameworks";
				PRODUCT_BUNDLE_IDENTIFIER = com.sween.swiftmazeTests;
				PRODUCT_NAME = "$(TARGET_NAME)";
				TEST_HOST = "$(BUILT_PRODUCTS_DIR)/swiftmaze.app/swiftmaze";
			};
			name = Debug;
		};
		32B7C5281BC995D700AD7DCE /* Release */ = {
			isa = XCBuildConfiguration;
			buildSettings = {
				BUNDLE_LOADER = "$(TEST_HOST)";
				INFOPLIST_FILE = swiftmazeTests/Info.plist;
				LD_RUNPATH_SEARCH_PATHS = "$(inherited) @executable_path/Frameworks @loader_path/Frameworks";
				PRODUCT_BUNDLE_IDENTIFIER = com.sween.swiftmazeTests;
				PRODUCT_NAME = "$(TARGET_NAME)";
				TEST_HOST = "$(BUILT_PRODUCTS_DIR)/swiftmaze.app/swiftmaze";
			};
			name = Release;
		};
		32B7C52A1BC995D700AD7DCE /* Debug */ = {
			isa = XCBuildConfiguration;
			buildSettings = {
				INFOPLIST_FILE = swiftmazeUITests/Info.plist;
				LD_RUNPATH_SEARCH_PATHS = "$(inherited) @executable_path/Frameworks @loader_path/Frameworks";
				PRODUCT_BUNDLE_IDENTIFIER = com.sween.swiftmazeUITests;
				PRODUCT_NAME = "$(TARGET_NAME)";
				TEST_TARGET_NAME = swiftmaze;
				USES_XCTRUNNER = YES;
			};
			name = Debug;
		};
		32B7C52B1BC995D700AD7DCE /* Release */ = {
			isa = XCBuildConfiguration;
			buildSettings = {
				INFOPLIST_FILE = swiftmazeUITests/Info.plist;
				LD_RUNPATH_SEARCH_PATHS = "$(inherited) @executable_path/Frameworks @loader_path/Frameworks";
				PRODUCT_BUNDLE_IDENTIFIER = com.sween.swiftmazeUITests;
				PRODUCT_NAME = "$(TARGET_NAME)";
				TEST_TARGET_NAME = swiftmaze;
				USES_XCTRUNNER = YES;
			};
			name = Release;
		};
/* End XCBuildConfiguration section */

/* Begin XCConfigurationList section */
		32B7C4F61BC995D700AD7DCE /* Build configuration list for PBXProject "swiftmaze" */ = {
			isa = XCConfigurationList;
			buildConfigurations = (
				32B7C5211BC995D700AD7DCE /* Debug */,
				32B7C5221BC995D700AD7DCE /* Release */,
			);
			defaultConfigurationIsVisible = 0;
			defaultConfigurationName = Release;
		};
		32B7C5231BC995D700AD7DCE /* Build configuration list for PBXNativeTarget "swiftmaze" */ = {
			isa = XCConfigurationList;
			buildConfigurations = (
				32B7C5241BC995D700AD7DCE /* Debug */,
				32B7C5251BC995D700AD7DCE /* Release */,
			);
			defaultConfigurationIsVisible = 0;
			defaultConfigurationName = Release;
		};
		32B7C5261BC995D700AD7DCE /* Build configuration list for PBXNativeTarget "swiftmazeTests" */ = {
			isa = XCConfigurationList;
			buildConfigurations = (
				32B7C5271BC995D700AD7DCE /* Debug */,
				32B7C5281BC995D700AD7DCE /* Release */,
			);
			defaultConfigurationIsVisible = 0;
			defaultConfigurationName = Release;
		};
		32B7C5291BC995D700AD7DCE /* Build configuration list for PBXNativeTarget "swiftmazeUITests" */ = {
			isa = XCConfigurationList;
			buildConfigurations = (
				32B7C52A1BC995D700AD7DCE /* Debug */,
				32B7C52B1BC995D700AD7DCE /* Release */,
			);
			defaultConfigurationIsVisible = 0;
			defaultConfigurationName = Release;
		};
/* End XCConfigurationList section */
	};
	rootObject = 32B7C4F31BC995D700AD7DCE /* Project object */;
}
