// !$*UTF8*$!
{
	archiveVersion = 1;
	classes = {
	};
	objectVersion = 46;
	objects = {

/* Begin PBXBuildFile section */
		3250D1301D859611003DFC2E /* Kruskal.swift in Sources */ = {isa = PBXBuildFile; fileRef = 3250D12F1D859611003DFC2E /* Kruskal.swift */; };
		3250D1321D85D702003DFC2E /* Eller.swift in Sources */ = {isa = PBXBuildFile; fileRef = 3250D1311D85D702003DFC2E /* Eller.swift */; };
		3250D1341D87036E003DFC2E /* Wilson.swift in Sources */ = {isa = PBXBuildFile; fileRef = 3250D1331D87036E003DFC2E /* Wilson.swift */; };
		3250D1361D8863FD003DFC2E /* MazePickerViewController.swift in Sources */ = {isa = PBXBuildFile; fileRef = 3250D1351D8863FD003DFC2E /* MazePickerViewController.swift */; };
		3260FAD61D8995E400FEFEDA /* Solver.swift in Sources */ = {isa = PBXBuildFile; fileRef = 3260FAD51D8995E400FEFEDA /* Solver.swift */; };
		32851F691D81899700201612 /* AppDelegate.swift in Sources */ = {isa = PBXBuildFile; fileRef = 32851F681D81899700201612 /* AppDelegate.swift */; };
		32851F6B1D81899700201612 /* ViewController.swift in Sources */ = {isa = PBXBuildFile; fileRef = 32851F6A1D81899700201612 /* ViewController.swift */; };
		32851F6D1D81899700201612 /* Assets.xcassets in Resources */ = {isa = PBXBuildFile; fileRef = 32851F6C1D81899700201612 /* Assets.xcassets */; };
		32851F701D81899700201612 /* Main.storyboard in Resources */ = {isa = PBXBuildFile; fileRef = 32851F6E1D81899700201612 /* Main.storyboard */; };
		32851F761D818A6400201612 /* Maze.swift in Sources */ = {isa = PBXBuildFile; fileRef = 32851F751D818A6400201612 /* Maze.swift */; };
		32851F791D81994400201612 /* Grid.swift in Sources */ = {isa = PBXBuildFile; fileRef = 32851F781D81994400201612 /* Grid.swift */; };
		32851F7B1D81A0FC00201612 /* MazeCoordinator.swift in Sources */ = {isa = PBXBuildFile; fileRef = 32851F7A1D81A0FC00201612 /* MazeCoordinator.swift */; };
		32851F7D1D81AAE300201612 /* Generator.swift in Sources */ = {isa = PBXBuildFile; fileRef = 32851F7C1D81AAE300201612 /* Generator.swift */; };
		32851F7F1D82138E00201612 /* RecursiveDivision.swift in Sources */ = {isa = PBXBuildFile; fileRef = 32851F7E1D82138E00201612 /* RecursiveDivision.swift */; };
		32851F821D8301AE00201612 /* Backtracker.swift in Sources */ = {isa = PBXBuildFile; fileRef = 32851F811D8301AE00201612 /* Backtracker.swift */; };
		32919B8C1D89FC9000DDC406 /* Extensions.swift in Sources */ = {isa = PBXBuildFile; fileRef = 32919B8B1D89FC9000DDC406 /* Extensions.swift */; };
		32919B8E1D89FE1500DDC406 /* Geometry.swift in Sources */ = {isa = PBXBuildFile; fileRef = 32919B8D1D89FE1500DDC406 /* Geometry.swift */; };
		32BC8F351D89AB910000FC04 /* Tremaux.swift in Sources */ = {isa = PBXBuildFile; fileRef = 32BC8F341D89AB910000FC04 /* Tremaux.swift */; };
		32BC8F381D89AF730000FC04 /* AStar.swift in Sources */ = {isa = PBXBuildFile; fileRef = 32BC8F371D89AF730000FC04 /* AStar.swift */; };
		32BC8F3A1D89B7820000FC04 /* DeadEndFiller.swift in Sources */ = {isa = PBXBuildFile; fileRef = 32BC8F391D89B7820000FC04 /* DeadEndFiller.swift */; };
		32DE80711D8AC5970088D564 /* FloodFill.swift in Sources */ = {isa = PBXBuildFile; fileRef = 32DE80701D8AC5970088D564 /* FloodFill.swift */; };
		32DE80731D8ADEB10088D564 /* MazeSetup.swift in Sources */ = {isa = PBXBuildFile; fileRef = 32DE80721D8ADEB10088D564 /* MazeSetup.swift */; };
/* End PBXBuildFile section */

/* Begin PBXFileReference section */
		3250D12F1D859611003DFC2E /* Kruskal.swift */ = {isa = PBXFileReference; fileEncoding = 4; lastKnownFileType = sourcecode.swift; path = Kruskal.swift; sourceTree = "<group>"; };
		3250D1311D85D702003DFC2E /* Eller.swift */ = {isa = PBXFileReference; fileEncoding = 4; lastKnownFileType = sourcecode.swift; path = Eller.swift; sourceTree = "<group>"; };
		3250D1331D87036E003DFC2E /* Wilson.swift */ = {isa = PBXFileReference; fileEncoding = 4; lastKnownFileType = sourcecode.swift; path = Wilson.swift; sourceTree = "<group>"; };
		3250D1351D8863FD003DFC2E /* MazePickerViewController.swift */ = {isa = PBXFileReference; fileEncoding = 4; lastKnownFileType = sourcecode.swift; path = MazePickerViewController.swift; sourceTree = "<group>"; };
		3260FAD51D8995E400FEFEDA /* Solver.swift */ = {isa = PBXFileReference; fileEncoding = 4; lastKnownFileType = sourcecode.swift; path = Solver.swift; sourceTree = "<group>"; };
		32851F661D81899700201612 /* MazeGenerator.app */ = {isa = PBXFileReference; explicitFileType = wrapper.application; includeInIndex = 0; path = MazeGenerator.app; sourceTree = BUILT_PRODUCTS_DIR; };
		32851F681D81899700201612 /* AppDelegate.swift */ = {isa = PBXFileReference; lastKnownFileType = sourcecode.swift; path = AppDelegate.swift; sourceTree = "<group>"; };
		32851F6A1D81899700201612 /* ViewController.swift */ = {isa = PBXFileReference; lastKnownFileType = sourcecode.swift; path = ViewController.swift; sourceTree = "<group>"; };
		32851F6C1D81899700201612 /* Assets.xcassets */ = {isa = PBXFileReference; lastKnownFileType = folder.assetcatalog; path = Assets.xcassets; sourceTree = "<group>"; };
		32851F6F1D81899700201612 /* Base */ = {isa = PBXFileReference; lastKnownFileType = file.storyboard; name = Base; path = Base.lproj/Main.storyboard; sourceTree = "<group>"; };
		32851F711D81899700201612 /* Info.plist */ = {isa = PBXFileReference; lastKnownFileType = text.plist.xml; path = Info.plist; sourceTree = "<group>"; };
		32851F751D818A6400201612 /* Maze.swift */ = {isa = PBXFileReference; fileEncoding = 4; lastKnownFileType = sourcecode.swift; path = Maze.swift; sourceTree = "<group>"; };
		32851F781D81994400201612 /* Grid.swift */ = {isa = PBXFileReference; fileEncoding = 4; lastKnownFileType = sourcecode.swift; path = Grid.swift; sourceTree = "<group>"; };
		32851F7A1D81A0FC00201612 /* MazeCoordinator.swift */ = {isa = PBXFileReference; fileEncoding = 4; lastKnownFileType = sourcecode.swift; path = MazeCoordinator.swift; sourceTree = "<group>"; };
		32851F7C1D81AAE300201612 /* Generator.swift */ = {isa = PBXFileReference; fileEncoding = 4; lastKnownFileType = sourcecode.swift; path = Generator.swift; sourceTree = "<group>"; };
		32851F7E1D82138E00201612 /* RecursiveDivision.swift */ = {isa = PBXFileReference; fileEncoding = 4; lastKnownFileType = sourcecode.swift; path = RecursiveDivision.swift; sourceTree = "<group>"; };
		32851F811D8301AE00201612 /* Backtracker.swift */ = {isa = PBXFileReference; fileEncoding = 4; lastKnownFileType = sourcecode.swift; path = Backtracker.swift; sourceTree = "<group>"; };
		32919B8B1D89FC9000DDC406 /* Extensions.swift */ = {isa = PBXFileReference; fileEncoding = 4; lastKnownFileType = sourcecode.swift; path = Extensions.swift; sourceTree = "<group>"; };
		32919B8D1D89FE1500DDC406 /* Geometry.swift */ = {isa = PBXFileReference; fileEncoding = 4; lastKnownFileType = sourcecode.swift; path = Geometry.swift; sourceTree = "<group>"; };
		32BC8F341D89AB910000FC04 /* Tremaux.swift */ = {isa = PBXFileReference; fileEncoding = 4; lastKnownFileType = sourcecode.swift; path = Tremaux.swift; sourceTree = "<group>"; };
		32BC8F371D89AF730000FC04 /* AStar.swift */ = {isa = PBXFileReference; fileEncoding = 4; lastKnownFileType = sourcecode.swift; path = AStar.swift; sourceTree = "<group>"; };
		32BC8F391D89B7820000FC04 /* DeadEndFiller.swift */ = {isa = PBXFileReference; fileEncoding = 4; lastKnownFileType = sourcecode.swift; path = DeadEndFiller.swift; sourceTree = "<group>"; };
		32DE80701D8AC5970088D564 /* FloodFill.swift */ = {isa = PBXFileReference; fileEncoding = 4; lastKnownFileType = sourcecode.swift; path = FloodFill.swift; sourceTree = "<group>"; };
		32DE80721D8ADEB10088D564 /* MazeSetup.swift */ = {isa = PBXFileReference; fileEncoding = 4; lastKnownFileType = sourcecode.swift; path = MazeSetup.swift; sourceTree = "<group>"; };
/* End PBXFileReference section */

/* Begin PBXFrameworksBuildPhase section */
		32851F631D81899700201612 /* Frameworks */ = {
			isa = PBXFrameworksBuildPhase;
			buildActionMask = 2147483647;
			files = (
			);
			runOnlyForDeploymentPostprocessing = 0;
		};
/* End PBXFrameworksBuildPhase section */

/* Begin PBXGroup section */
		32851F671D81899700201612 /* MazeGenerator */ = {
			isa = PBXGroup;
			children = (
				32919B8D1D89FE1500DDC406 /* Geometry.swift */,
				32919B8B1D89FC9000DDC406 /* Extensions.swift */,
				32851F681D81899700201612 /* AppDelegate.swift */,
				32851F6A1D81899700201612 /* ViewController.swift */,
				3250D1351D8863FD003DFC2E /* MazePickerViewController.swift */,
				32851F6C1D81899700201612 /* Assets.xcassets */,
				32851F6E1D81899700201612 /* Main.storyboard */,
				32851F711D81899700201612 /* Info.plist */,
				32851F751D818A6400201612 /* Maze.swift */,
				32851F781D81994400201612 /* Grid.swift */,
				32851F7A1D81A0FC00201612 /* MazeCoordinator.swift */,
				32DE80721D8ADEB10088D564 /* MazeSetup.swift */,
				32851F801D8213CE00201612 /* Generators */,
				32BC8F361D89ABAC0000FC04 /* Solvers */,
			);
			path = MazeGenerator;
			sourceTree = "<group>";
		};
		32851F801D8213CE00201612 /* Generators */ = {
			isa = PBXGroup;
			children = (
				32851F7C1D81AAE300201612 /* Generator.swift */,
				32851F7E1D82138E00201612 /* RecursiveDivision.swift */,
				32851F811D8301AE00201612 /* Backtracker.swift */,
				3250D12F1D859611003DFC2E /* Kruskal.swift */,
				3250D1311D85D702003DFC2E /* Eller.swift */,
				3250D1331D87036E003DFC2E /* Wilson.swift */,
			);
			name = Generators;
			sourceTree = "<group>";
		};
		32B7C4F21BC995D700AD7DCE = {
			isa = PBXGroup;
			children = (
				32851F671D81899700201612 /* MazeGenerator */,
				32B7C4FC1BC995D700AD7DCE /* Products */,
			);
			sourceTree = "<group>";
		};
		32B7C4FC1BC995D700AD7DCE /* Products */ = {
			isa = PBXGroup;
			children = (
				32851F661D81899700201612 /* MazeGenerator.app */,
			);
			name = Products;
			sourceTree = "<group>";
		};
		32BC8F361D89ABAC0000FC04 /* Solvers */ = {
			isa = PBXGroup;
			children = (
				3260FAD51D8995E400FEFEDA /* Solver.swift */,
				32BC8F341D89AB910000FC04 /* Tremaux.swift */,
				32BC8F371D89AF730000FC04 /* AStar.swift */,
				32BC8F391D89B7820000FC04 /* DeadEndFiller.swift */,
				32DE80701D8AC5970088D564 /* FloodFill.swift */,
			);
			name = Solvers;
			sourceTree = "<group>";
		};
/* End PBXGroup section */

/* Begin PBXNativeTarget section */
		32851F651D81899700201612 /* MazeGenerator */ = {
			isa = PBXNativeTarget;
			buildConfigurationList = 32851F741D81899700201612 /* Build configuration list for PBXNativeTarget "MazeGenerator" */;
			buildPhases = (
				32851F621D81899700201612 /* Sources */,
				32851F631D81899700201612 /* Frameworks */,
				32851F641D81899700201612 /* Resources */,
			);
			buildRules = (
			);
			dependencies = (
			);
			name = MazeGenerator;
			productName = MazeGenerator;
			productReference = 32851F661D81899700201612 /* MazeGenerator.app */;
			productType = "com.apple.product-type.application";
		};
/* End PBXNativeTarget section */

/* Begin PBXProject section */
		32B7C4F31BC995D700AD7DCE /* Project object */ = {
			isa = PBXProject;
			attributes = {
				LastSwiftUpdateCheck = 0800;
				LastUpgradeCheck = 0800;
				ORGANIZATIONNAME = "Kevin Sweeney";
				TargetAttributes = {
					32851F651D81899700201612 = {
						CreatedOnToolsVersion = 8.0;
						DevelopmentTeam = PTBPN72C39;
						ProvisioningStyle = Automatic;
					};
				};
			};
			buildConfigurationList = 32B7C4F61BC995D700AD7DCE /* Build configuration list for PBXProject "swiftmaze" */;
			compatibilityVersion = "Xcode 3.2";
			developmentRegion = English;
			hasScannedForEncodings = 0;
			knownRegions = (
				en,
				Base,
			);
			mainGroup = 32B7C4F21BC995D700AD7DCE;
			productRefGroup = 32B7C4FC1BC995D700AD7DCE /* Products */;
			projectDirPath = "";
			projectRoot = "";
			targets = (
				32851F651D81899700201612 /* MazeGenerator */,
			);
		};
/* End PBXProject section */

/* Begin PBXResourcesBuildPhase section */
		32851F641D81899700201612 /* Resources */ = {
			isa = PBXResourcesBuildPhase;
			buildActionMask = 2147483647;
			files = (
				32851F6D1D81899700201612 /* Assets.xcassets in Resources */,
				32851F701D81899700201612 /* Main.storyboard in Resources */,
			);
			runOnlyForDeploymentPostprocessing = 0;
		};
/* End PBXResourcesBuildPhase section */

/* Begin PBXSourcesBuildPhase section */
		32851F621D81899700201612 /* Sources */ = {
			isa = PBXSourcesBuildPhase;
			buildActionMask = 2147483647;
			files = (
				32851F6B1D81899700201612 /* ViewController.swift in Sources */,
				32919B8C1D89FC9000DDC406 /* Extensions.swift in Sources */,
				32BC8F381D89AF730000FC04 /* AStar.swift in Sources */,
				32851F691D81899700201612 /* AppDelegate.swift in Sources */,
				32851F7B1D81A0FC00201612 /* MazeCoordinator.swift in Sources */,
				3250D1301D859611003DFC2E /* Kruskal.swift in Sources */,
				3260FAD61D8995E400FEFEDA /* Solver.swift in Sources */,
				32919B8E1D89FE1500DDC406 /* Geometry.swift in Sources */,
				32DE80731D8ADEB10088D564 /* MazeSetup.swift in Sources */,
				32851F7D1D81AAE300201612 /* Generator.swift in Sources */,
				3250D1361D8863FD003DFC2E /* MazePickerViewController.swift in Sources */,
				32BC8F3A1D89B7820000FC04 /* DeadEndFiller.swift in Sources */,
				3250D1321D85D702003DFC2E /* Eller.swift in Sources */,
				32851F791D81994400201612 /* Grid.swift in Sources */,
				3250D1341D87036E003DFC2E /* Wilson.swift in Sources */,
				32851F821D8301AE00201612 /* Backtracker.swift in Sources */,
				32DE80711D8AC5970088D564 /* FloodFill.swift in Sources */,
				32851F761D818A6400201612 /* Maze.swift in Sources */,
				32BC8F351D89AB910000FC04 /* Tremaux.swift in Sources */,
				32851F7F1D82138E00201612 /* RecursiveDivision.swift in Sources */,
			);
			runOnlyForDeploymentPostprocessing = 0;
		};
/* End PBXSourcesBuildPhase section */

/* Begin PBXVariantGroup section */
		32851F6E1D81899700201612 /* Main.storyboard */ = {
			isa = PBXVariantGroup;
			children = (
				32851F6F1D81899700201612 /* Base */,
			);
			name = Main.storyboard;
			sourceTree = "<group>";
		};
/* End PBXVariantGroup section */

/* Begin XCBuildConfiguration section */
		32851F721D81899700201612 /* Debug */ = {
			isa = XCBuildConfiguration;
			buildSettings = {
				ASSETCATALOG_COMPILER_APPICON_NAME = AppIcon;
				CLANG_ANALYZER_NONNULL = YES;
				CLANG_WARN_DOCUMENTATION_COMMENTS = YES;
				CLANG_WARN_SUSPICIOUS_MOVES = YES;
				CODE_SIGN_IDENTITY = "-";
				COMBINE_HIDPI_IMAGES = YES;
				DEVELOPMENT_TEAM = PTBPN72C39;
				INFOPLIST_FILE = MazeGenerator/Info.plist;
				LD_RUNPATH_SEARCH_PATHS = "$(inherited) @executable_path/../Frameworks";
				MACOSX_DEPLOYMENT_TARGET = 10.11;
				PRODUCT_BUNDLE_IDENTIFIER = me.ksween.MazeGenerator;
				PRODUCT_NAME = "$(TARGET_NAME)";
				SDKROOT = macosx;
				SWIFT_ACTIVE_COMPILATION_CONDITIONS = DEBUG;
				SWIFT_VERSION = 3.0;
			};
			name = Debug;
		};
		32851F731D81899700201612 /* Release */ = {
			isa = XCBuildConfiguration;
			buildSettings = {
				ASSETCATALOG_COMPILER_APPICON_NAME = AppIcon;
				CLANG_ANALYZER_NONNULL = YES;
				CLANG_WARN_DOCUMENTATION_COMMENTS = YES;
				CLANG_WARN_SUSPICIOUS_MOVES = YES;
				CODE_SIGN_IDENTITY = "-";
				COMBINE_HIDPI_IMAGES = YES;
				DEVELOPMENT_TEAM = PTBPN72C39;
				INFOPLIST_FILE = MazeGenerator/Info.plist;
				LD_RUNPATH_SEARCH_PATHS = "$(inherited) @executable_path/../Frameworks";
				MACOSX_DEPLOYMENT_TARGET = 10.11;
				PRODUCT_BUNDLE_IDENTIFIER = me.ksween.MazeGenerator;
				PRODUCT_NAME = "$(TARGET_NAME)";
				SDKROOT = macosx;
				SWIFT_VERSION = 3.0;
			};
			name = Release;
		};
		32B7C5211BC995D700AD7DCE /* Debug */ = {
			isa = XCBuildConfiguration;
			buildSettings = {
				ALWAYS_SEARCH_USER_PATHS = NO;
				CLANG_CXX_LANGUAGE_STANDARD = "gnu++0x";
				CLANG_CXX_LIBRARY = "libc++";
				CLANG_ENABLE_MODULES = YES;
				CLANG_ENABLE_OBJC_ARC = YES;
				CLANG_WARN_BOOL_CONVERSION = YES;
				CLANG_WARN_CONSTANT_CONVERSION = YES;
				CLANG_WARN_DIRECT_OBJC_ISA_USAGE = YES_ERROR;
				CLANG_WARN_EMPTY_BODY = YES;
				CLANG_WARN_ENUM_CONVERSION = YES;
				CLANG_WARN_INFINITE_RECURSION = YES;
				CLANG_WARN_INT_CONVERSION = YES;
				CLANG_WARN_OBJC_ROOT_CLASS = YES_ERROR;
				CLANG_WARN_SUSPICIOUS_MOVE = YES;
				CLANG_WARN_UNREACHABLE_CODE = YES;
				CLANG_WARN__DUPLICATE_METHOD_MATCH = YES;
				"CODE_SIGN_IDENTITY[sdk=iphoneos*]" = "iPhone Developer";
				COPY_PHASE_STRIP = NO;
				DEBUG_INFORMATION_FORMAT = dwarf;
				ENABLE_STRICT_OBJC_MSGSEND = YES;
				ENABLE_TESTABILITY = YES;
				GCC_C_LANGUAGE_STANDARD = gnu99;
				GCC_DYNAMIC_NO_PIC = NO;
				GCC_NO_COMMON_BLOCKS = YES;
				GCC_OPTIMIZATION_LEVEL = 0;
				GCC_PREPROCESSOR_DEFINITIONS = (
					"DEBUG=1",
					"$(inherited)",
				);
				GCC_WARN_64_TO_32_BIT_CONVERSION = YES;
				GCC_WARN_ABOUT_RETURN_TYPE = YES_ERROR;
				GCC_WARN_UNDECLARED_SELECTOR = YES;
				GCC_WARN_UNINITIALIZED_AUTOS = YES_AGGRESSIVE;
				GCC_WARN_UNUSED_FUNCTION = YES;
				GCC_WARN_UNUSED_VARIABLE = YES;
				IPHONEOS_DEPLOYMENT_TARGET = 9.0;
				MTL_ENABLE_DEBUG_INFO = YES;
				ONLY_ACTIVE_ARCH = YES;
				SDKROOT = iphoneos;
				SWIFT_OPTIMIZATION_LEVEL = "-Onone";
				TARGETED_DEVICE_FAMILY = "1,2";
			};
			name = Debug;
		};
		32B7C5221BC995D700AD7DCE /* Release */ = {
			isa = XCBuildConfiguration;
			buildSettings = {
				ALWAYS_SEARCH_USER_PATHS = NO;
				CLANG_CXX_LANGUAGE_STANDARD = "gnu++0x";
				CLANG_CXX_LIBRARY = "libc++";
				CLANG_ENABLE_MODULES = YES;
				CLANG_ENABLE_OBJC_ARC = YES;
				CLANG_WARN_BOOL_CONVERSION = YES;
				CLANG_WARN_CONSTANT_CONVERSION = YES;
				CLANG_WARN_DIRECT_OBJC_ISA_USAGE = YES_ERROR;
				CLANG_WARN_EMPTY_BODY = YES;
				CLANG_WARN_ENUM_CONVERSION = YES;
				CLANG_WARN_INFINITE_RECURSION = YES;
				CLANG_WARN_INT_CONVERSION = YES;
				CLANG_WARN_OBJC_ROOT_CLASS = YES_ERROR;
				CLANG_WARN_SUSPICIOUS_MOVE = YES;
				CLANG_WARN_UNREACHABLE_CODE = YES;
				CLANG_WARN__DUPLICATE_METHOD_MATCH = YES;
				"CODE_SIGN_IDENTITY[sdk=iphoneos*]" = "iPhone Developer";
				COPY_PHASE_STRIP = NO;
				DEBUG_INFORMATION_FORMAT = "dwarf-with-dsym";
				ENABLE_NS_ASSERTIONS = NO;
				ENABLE_STRICT_OBJC_MSGSEND = YES;
				GCC_C_LANGUAGE_STANDARD = gnu99;
				GCC_NO_COMMON_BLOCKS = YES;
				GCC_WARN_64_TO_32_BIT_CONVERSION = YES;
				GCC_WARN_ABOUT_RETURN_TYPE = YES_ERROR;
				GCC_WARN_UNDECLARED_SELECTOR = YES;
				GCC_WARN_UNINITIALIZED_AUTOS = YES_AGGRESSIVE;
				GCC_WARN_UNUSED_FUNCTION = YES;
				GCC_WARN_UNUSED_VARIABLE = YES;
				IPHONEOS_DEPLOYMENT_TARGET = 9.0;
				MTL_ENABLE_DEBUG_INFO = NO;
				SDKROOT = iphoneos;
				SWIFT_OPTIMIZATION_LEVEL = "-Owholemodule";
				TARGETED_DEVICE_FAMILY = "1,2";
				VALIDATE_PRODUCT = YES;
			};
			name = Release;
		};
/* End XCBuildConfiguration section */

/* Begin XCConfigurationList section */
		32851F741D81899700201612 /* Build configuration list for PBXNativeTarget "MazeGenerator" */ = {
			isa = XCConfigurationList;
			buildConfigurations = (
				32851F721D81899700201612 /* Debug */,
				32851F731D81899700201612 /* Release */,
			);
			defaultConfigurationIsVisible = 0;
			defaultConfigurationName = Release;
		};
		32B7C4F61BC995D700AD7DCE /* Build configuration list for PBXProject "swiftmaze" */ = {
			isa = XCConfigurationList;
			buildConfigurations = (
				32B7C5211BC995D700AD7DCE /* Debug */,
				32B7C5221BC995D700AD7DCE /* Release */,
			);
			defaultConfigurationIsVisible = 0;
			defaultConfigurationName = Release;
		};
/* End XCConfigurationList section */
	};
	rootObject = 32B7C4F31BC995D700AD7DCE /* Project object */;
}
